
Microsoft Visual Studio Solution File, Format Version 12.00
# Visual Studio Version 16
VisualStudioVersion = 16.0.31702.278
MinimumVisualStudioVersion = 10.0.40219.1
Project("{9A19103F-16F7-4668-BE54-9A1E7A4F7556}") = "RSauto.API", "RSauto.API\RSauto.API.csproj", "{35AB4781-73DE-49E8-813E-C10721E9EDB1}"
EndProject
Project("{9A19103F-16F7-4668-BE54-9A1E7A4F7556}") = "RSauto.Shared", "RSauto.Shared\RSauto.Shared.csproj", "{4D5F8301-D31A-463E-AF31-F36B5D08ACCF}"
EndProject
Project("{FAE04EC0-301F-11D3-BF4B-00C04F79EFBC}") = "RSauto.Domain", "RSauto.Domain\RSauto.Domain.csproj", "{2B2223AC-8D27-426F-81C5-5C9ECBE1735C}"
EndProject
Project("{FAE04EC0-301F-11D3-BF4B-00C04F79EFBC}") = "RSauto.Application", "RSauto.Application\RSauto.Application.csproj", "{0865C1B0-83A1-4A6B-9040-51008A531DB9}"
EndProject
Project("{FAE04EC0-301F-11D3-BF4B-00C04F79EFBC}") = "RSauto.Infrastructure", "RSauto.Infrastructure\RSauto.Infrastructure.csproj", "{8D6AD2AC-5F52-41A2-B156-56D76124FCC1}"
EndProject
Global
	GlobalSection(SolutionConfigurationPlatforms) = preSolution
		Debug|Any CPU = Debug|Any CPU
		Release|Any CPU = Release|Any CPU
	EndGlobalSection
	GlobalSection(ProjectConfigurationPlatforms) = postSolution
		{35AB4781-73DE-49E8-813E-C10721E9EDB1}.Debug|Any CPU.ActiveCfg = Debug|Any CPU
		{35AB4781-73DE-49E8-813E-C10721E9EDB1}.Debug|Any CPU.Build.0 = Debug|Any CPU
		{35AB4781-73DE-49E8-813E-C10721E9EDB1}.Release|Any CPU.ActiveCfg = Release|Any CPU
		{35AB4781-73DE-49E8-813E-C10721E9EDB1}.Release|Any CPU.Build.0 = Release|Any CPU
		{4D5F8301-D31A-463E-AF31-F36B5D08ACCF}.Debug|Any CPU.ActiveCfg = Debug|Any CPU
		{4D5F8301-D31A-463E-AF31-F36B5D08ACCF}.Debug|Any CPU.Build.0 = Debug|Any CPU
		{4D5F8301-D31A-463E-AF31-F36B5D08ACCF}.Release|Any CPU.ActiveCfg = Release|Any CPU
		{4D5F8301-D31A-463E-AF31-F36B5D08ACCF}.Release|Any CPU.Build.0 = Release|Any CPU
		{2B2223AC-8D27-426F-81C5-5C9ECBE1735C}.Debug|Any CPU.ActiveCfg = Debug|Any CPU
		{2B2223AC-8D27-426F-81C5-5C9ECBE1735C}.Debug|Any CPU.Build.0 = Debug|Any CPU
		{2B2223AC-8D27-426F-81C5-5C9ECBE1735C}.Release|Any CPU.ActiveCfg = Release|Any CPU
		{2B2223AC-8D27-426F-81C5-5C9ECBE1735C}.Release|Any CPU.Build.0 = Release|Any CPU
		{0865C1B0-83A1-4A6B-9040-51008A531DB9}.Debug|Any CPU.ActiveCfg = Debug|Any CPU
		{0865C1B0-83A1-4A6B-9040-51008A531DB9}.Debug|Any CPU.Build.0 = Debug|Any CPU
		{0865C1B0-83A1-4A6B-9040-51008A531DB9}.Release|Any CPU.ActiveCfg = Release|Any CPU
		{0865C1B0-83A1-4A6B-9040-51008A531DB9}.Release|Any CPU.Build.0 = Release|Any CPU
		{8D6AD2AC-5F52-41A2-B156-56D76124FCC1}.Debug|Any CPU.ActiveCfg = Debug|Any CPU
		{8D6AD2AC-5F52-41A2-B156-56D76124FCC1}.Debug|Any CPU.Build.0 = Debug|Any CPU
		{8D6AD2AC-5F52-41A2-B156-56D76124FCC1}.Release|Any CPU.ActiveCfg = Release|Any CPU
		{8D6AD2AC-5F52-41A2-B156-56D76124FCC1}.Release|Any CPU.Build.0 = Release|Any CPU
	EndGlobalSection
	GlobalSection(SolutionProperties) = preSolution
		HideSolutionNode = FALSE
	EndGlobalSection
	GlobalSection(ExtensibilityGlobals) = postSolution
		SolutionGuid = {9AE2E7D4-E7EE-4320-90EA-52CF5F9FB316}
	EndGlobalSection
EndGlobal
